
Microsoft Visual Studio Solution File, Format Version 12.00
# Visual Studio Version 17
VisualStudioVersion = 17.6.35230.93
MinimumVisualStudioVersion = 10.0.40219.1
Project("{888888A0-9F3D-457C-B088-3A5042F75D52}") = "Transcripting", "WebChangeMonitor\Transcripting.pyproj", "{6F865215-B791-4DF4-B44A-94800937D454}"
EndProject
Global
	GlobalSection(SolutionConfigurationPlatforms) = preSolution
		Debug|Any CPU = Debug|Any CPU
		Release|Any CPU = Release|Any CPU
	EndGlobalSection
	GlobalSection(ProjectConfigurationPlatforms) = postSolution
		{6F865215-B791-4DF4-B44A-94800937D454}.Debug|Any CPU.ActiveCfg = Debug|Any CPU
		{6F865215-B791-4DF4-B44A-94800937D454}.Release|Any CPU.ActiveCfg = Release|Any CPU
	EndGlobalSection
	GlobalSection(SolutionProperties) = preSolution
		HideSolutionNode = FALSE
	EndGlobalSection
	GlobalSection(ExtensibilityGlobals) = postSolution
		SolutionGuid = {869BD1EE-3B01-41BD-8FAA-97EB63BDABCF}
	EndGlobalSection
EndGlobal
